
Microsoft Visual Studio Solution File, Format Version 12.00
# Visual Studio Version 16
VisualStudioVersion = 16.0.29728.190
MinimumVisualStudioVersion = 10.0.40219.1
Project("{9A19103F-16F7-4668-BE54-9A1E7A4F7556}") = "IK.Imager.Storage.Abstractions", "IK.Imager.Storage.Abstractions\IK.Imager.Storage.Abstractions.csproj", "{F10C818D-3EA4-4DCF-B5CF-A50CC7EB52C2}"
EndProject
Project("{9A19103F-16F7-4668-BE54-9A1E7A4F7556}") = "IK.Imager.Core", "IK.Imager.Core\IK.Imager.Core.csproj", "{0874CA46-71AE-45A6-8F70-A0504A93DF86}"
EndProject
Project("{9A19103F-16F7-4668-BE54-9A1E7A4F7556}") = "IK.Imager.Core.Tests", "Tests\IK.Imager.Core.Tests\IK.Imager.Core.Tests.csproj", "{2BB24B35-D519-44D0-923E-38E620327A3D}"
EndProject
Project("{9A19103F-16F7-4668-BE54-9A1E7A4F7556}") = "IK.Imager.ImageBlobStorage.AzureFiles", "IK.Imager.ImageBlobStorage.AzureFiles\IK.Imager.ImageBlobStorage.AzureFiles.csproj", "{C94D12E8-8F9A-48F5-B571-830297F877A9}"
EndProject
Project("{9A19103F-16F7-4668-BE54-9A1E7A4F7556}") = "IK.Imager.ImageMetadataStorage.CosmosDB", "IK.Imager.ImageMetadataStorage.CosmosDB\IK.Imager.ImageMetadataStorage.CosmosDB.csproj", "{F0B18045-1334-4C66-AF6D-3DBEC56818AC}"
EndProject
Project("{9A19103F-16F7-4668-BE54-9A1E7A4F7556}") = "IK.Imager.ImageBlobStorage.AzureFiles.Tests", "Tests\IK.Imager.ImageBlobStorage.AzureFiles.Tests\IK.Imager.ImageBlobStorage.AzureFiles.Tests.csproj", "{62FB047E-D679-4C40-B4B1-F67AAF25368D}"
EndProject
Project("{9A19103F-16F7-4668-BE54-9A1E7A4F7556}") = "IK.Imager.ImageMetadataStorage.CosmosDB.Tests", "Tests\IK.Imager.ImageMetadataStorage.CosmosDB.Tests\IK.Imager.ImageMetadataStorage.CosmosDB.Tests.csproj", "{3082EDCA-57E0-4A3C-B01F-034A61B0DB8E}"
EndProject
Project("{9A19103F-16F7-4668-BE54-9A1E7A4F7556}") = "IK.Imager.Utils", "IK.Imager.Utils\IK.Imager.Utils.csproj", "{C827FDEA-BDBD-4A90-9A88-4D4C743EB21B}"
EndProject
Project("{9A19103F-16F7-4668-BE54-9A1E7A4F7556}") = "IK.Imager.Core.Abstractions", "IK.Imager.Core.Abstractions\IK.Imager.Core.Abstractions.csproj", "{06231D23-BC3A-4A8D-8BB1-05EEC6B016B3}"
EndProject
Project("{9A19103F-16F7-4668-BE54-9A1E7A4F7556}") = "IK.Imager.Api", "IK.Imager.Api\IK.Imager.Api.csproj", "{7E9E39E6-FA5C-4902-9627-6B01D4249E46}"
EndProject
Project("{2150E333-8FDC-42A3-9474-1A3956D46DE8}") = "Tests", "Tests", "{AEE430E6-34A2-4F82-AF80-09C3DA083FB0}"
EndProject
Project("{9A19103F-16F7-4668-BE54-9A1E7A4F7556}") = "IK.Imager.TestsBase", "Tests\IK.Imager.TestsBase\IK.Imager.TestsBase.csproj", "{6D16C9A9-EF8F-42B2-8866-F680BB2C0496}"
EndProject
Project("{FAE04EC0-301F-11D3-BF4B-00C04F79EFBC}") = "IK.Imager.IntegrationEvents", "IK.Imager.IntegrationEvents\IK.Imager.IntegrationEvents.csproj", "{5880D669-862E-4AAA-9E2F-0FF84899683D}"
EndProject
Project("{FAE04EC0-301F-11D3-BF4B-00C04F79EFBC}") = "IK.Imager.Api.Contract", "IK.Imager.Api.Contract\IK.Imager.Api.Contract.csproj", "{75B29545-D750-41AC-84C9-7DD501A7E45B}"
EndProject
Global
	GlobalSection(SolutionConfigurationPlatforms) = preSolution
		Debug|Any CPU = Debug|Any CPU
		Release|Any CPU = Release|Any CPU
	EndGlobalSection
	GlobalSection(ProjectConfigurationPlatforms) = postSolution
		{F10C818D-3EA4-4DCF-B5CF-A50CC7EB52C2}.Debug|Any CPU.ActiveCfg = Debug|Any CPU
		{F10C818D-3EA4-4DCF-B5CF-A50CC7EB52C2}.Debug|Any CPU.Build.0 = Debug|Any CPU
		{F10C818D-3EA4-4DCF-B5CF-A50CC7EB52C2}.Release|Any CPU.ActiveCfg = Release|Any CPU
		{F10C818D-3EA4-4DCF-B5CF-A50CC7EB52C2}.Release|Any CPU.Build.0 = Release|Any CPU
		{0874CA46-71AE-45A6-8F70-A0504A93DF86}.Debug|Any CPU.ActiveCfg = Debug|Any CPU
		{0874CA46-71AE-45A6-8F70-A0504A93DF86}.Debug|Any CPU.Build.0 = Debug|Any CPU
		{0874CA46-71AE-45A6-8F70-A0504A93DF86}.Release|Any CPU.ActiveCfg = Release|Any CPU
		{0874CA46-71AE-45A6-8F70-A0504A93DF86}.Release|Any CPU.Build.0 = Release|Any CPU
		{2BB24B35-D519-44D0-923E-38E620327A3D}.Debug|Any CPU.ActiveCfg = Debug|Any CPU
		{2BB24B35-D519-44D0-923E-38E620327A3D}.Debug|Any CPU.Build.0 = Debug|Any CPU
		{2BB24B35-D519-44D0-923E-38E620327A3D}.Release|Any CPU.ActiveCfg = Release|Any CPU
		{2BB24B35-D519-44D0-923E-38E620327A3D}.Release|Any CPU.Build.0 = Release|Any CPU
		{C94D12E8-8F9A-48F5-B571-830297F877A9}.Debug|Any CPU.ActiveCfg = Debug|Any CPU
		{C94D12E8-8F9A-48F5-B571-830297F877A9}.Debug|Any CPU.Build.0 = Debug|Any CPU
		{C94D12E8-8F9A-48F5-B571-830297F877A9}.Release|Any CPU.ActiveCfg = Release|Any CPU
		{C94D12E8-8F9A-48F5-B571-830297F877A9}.Release|Any CPU.Build.0 = Release|Any CPU
		{F0B18045-1334-4C66-AF6D-3DBEC56818AC}.Debug|Any CPU.ActiveCfg = Debug|Any CPU
		{F0B18045-1334-4C66-AF6D-3DBEC56818AC}.Debug|Any CPU.Build.0 = Debug|Any CPU
		{F0B18045-1334-4C66-AF6D-3DBEC56818AC}.Release|Any CPU.ActiveCfg = Release|Any CPU
		{F0B18045-1334-4C66-AF6D-3DBEC56818AC}.Release|Any CPU.Build.0 = Release|Any CPU
		{62FB047E-D679-4C40-B4B1-F67AAF25368D}.Debug|Any CPU.ActiveCfg = Debug|Any CPU
		{62FB047E-D679-4C40-B4B1-F67AAF25368D}.Debug|Any CPU.Build.0 = Debug|Any CPU
		{62FB047E-D679-4C40-B4B1-F67AAF25368D}.Release|Any CPU.ActiveCfg = Release|Any CPU
		{62FB047E-D679-4C40-B4B1-F67AAF25368D}.Release|Any CPU.Build.0 = Release|Any CPU
		{3082EDCA-57E0-4A3C-B01F-034A61B0DB8E}.Debug|Any CPU.ActiveCfg = Debug|Any CPU
		{3082EDCA-57E0-4A3C-B01F-034A61B0DB8E}.Debug|Any CPU.Build.0 = Debug|Any CPU
		{3082EDCA-57E0-4A3C-B01F-034A61B0DB8E}.Release|Any CPU.ActiveCfg = Release|Any CPU
		{3082EDCA-57E0-4A3C-B01F-034A61B0DB8E}.Release|Any CPU.Build.0 = Release|Any CPU
		{C827FDEA-BDBD-4A90-9A88-4D4C743EB21B}.Debug|Any CPU.ActiveCfg = Debug|Any CPU
		{C827FDEA-BDBD-4A90-9A88-4D4C743EB21B}.Debug|Any CPU.Build.0 = Debug|Any CPU
		{C827FDEA-BDBD-4A90-9A88-4D4C743EB21B}.Release|Any CPU.ActiveCfg = Release|Any CPU
		{C827FDEA-BDBD-4A90-9A88-4D4C743EB21B}.Release|Any CPU.Build.0 = Release|Any CPU
		{06231D23-BC3A-4A8D-8BB1-05EEC6B016B3}.Debug|Any CPU.ActiveCfg = Debug|Any CPU
		{06231D23-BC3A-4A8D-8BB1-05EEC6B016B3}.Debug|Any CPU.Build.0 = Debug|Any CPU
		{06231D23-BC3A-4A8D-8BB1-05EEC6B016B3}.Release|Any CPU.ActiveCfg = Release|Any CPU
		{06231D23-BC3A-4A8D-8BB1-05EEC6B016B3}.Release|Any CPU.Build.0 = Release|Any CPU
		{7E9E39E6-FA5C-4902-9627-6B01D4249E46}.Debug|Any CPU.ActiveCfg = Debug|Any CPU
		{7E9E39E6-FA5C-4902-9627-6B01D4249E46}.Debug|Any CPU.Build.0 = Debug|Any CPU
		{7E9E39E6-FA5C-4902-9627-6B01D4249E46}.Release|Any CPU.ActiveCfg = Release|Any CPU
		{7E9E39E6-FA5C-4902-9627-6B01D4249E46}.Release|Any CPU.Build.0 = Release|Any CPU
		{6D16C9A9-EF8F-42B2-8866-F680BB2C0496}.Debug|Any CPU.ActiveCfg = Debug|Any CPU
		{6D16C9A9-EF8F-42B2-8866-F680BB2C0496}.Debug|Any CPU.Build.0 = Debug|Any CPU
		{6D16C9A9-EF8F-42B2-8866-F680BB2C0496}.Release|Any CPU.ActiveCfg = Release|Any CPU
		{6D16C9A9-EF8F-42B2-8866-F680BB2C0496}.Release|Any CPU.Build.0 = Release|Any CPU
		{5880D669-862E-4AAA-9E2F-0FF84899683D}.Debug|Any CPU.ActiveCfg = Debug|Any CPU
		{5880D669-862E-4AAA-9E2F-0FF84899683D}.Debug|Any CPU.Build.0 = Debug|Any CPU
		{5880D669-862E-4AAA-9E2F-0FF84899683D}.Release|Any CPU.ActiveCfg = Release|Any CPU
		{5880D669-862E-4AAA-9E2F-0FF84899683D}.Release|Any CPU.Build.0 = Release|Any CPU
		{75B29545-D750-41AC-84C9-7DD501A7E45B}.Debug|Any CPU.ActiveCfg = Debug|Any CPU
		{75B29545-D750-41AC-84C9-7DD501A7E45B}.Debug|Any CPU.Build.0 = Debug|Any CPU
		{75B29545-D750-41AC-84C9-7DD501A7E45B}.Release|Any CPU.ActiveCfg = Release|Any CPU
		{75B29545-D750-41AC-84C9-7DD501A7E45B}.Release|Any CPU.Build.0 = Release|Any CPU
	EndGlobalSection
	GlobalSection(SolutionProperties) = preSolution
		HideSolutionNode = FALSE
	EndGlobalSection
	GlobalSection(NestedProjects) = preSolution
		{2BB24B35-D519-44D0-923E-38E620327A3D} = {AEE430E6-34A2-4F82-AF80-09C3DA083FB0}
		{62FB047E-D679-4C40-B4B1-F67AAF25368D} = {AEE430E6-34A2-4F82-AF80-09C3DA083FB0}
		{3082EDCA-57E0-4A3C-B01F-034A61B0DB8E} = {AEE430E6-34A2-4F82-AF80-09C3DA083FB0}
		{6D16C9A9-EF8F-42B2-8866-F680BB2C0496} = {AEE430E6-34A2-4F82-AF80-09C3DA083FB0}
	EndGlobalSection
	GlobalSection(ExtensibilityGlobals) = postSolution
		SolutionGuid = {FAC3C372-91B7-4D6B-9A5E-68128ED2B613}
	EndGlobalSection
EndGlobal
